// !$*UTF8*$!
{
	archiveVersion = 1;
	classes = {
	};
	objectVersion = 55;
	objects = {

/* Begin PBXBuildFile section */
		C5173D472808A1B1009E4EB2 /* missions.json in Resources */ = {isa = PBXBuildFile; fileRef = C5173D452808A1B1009E4EB2 /* missions.json */; };
		C5173D482808A1B1009E4EB2 /* astronauts.json in Resources */ = {isa = PBXBuildFile; fileRef = C5173D462808A1B1009E4EB2 /* astronauts.json */; };
		C5173D4A2808B4B9009E4EB2 /* Astronaut.swift in Sources */ = {isa = PBXBuildFile; fileRef = C5173D492808B4B9009E4EB2 /* Astronaut.swift */; };
		C5173D4C2808B698009E4EB2 /* Bundle-Decodable.swift in Sources */ = {isa = PBXBuildFile; fileRef = C5173D4B2808B698009E4EB2 /* Bundle-Decodable.swift */; };
		C57614A22808036E00E2153E /* MoonshotApp.swift in Sources */ = {isa = PBXBuildFile; fileRef = C57614A12808036E00E2153E /* MoonshotApp.swift */; };
		C57614A42808036E00E2153E /* ContentView.swift in Sources */ = {isa = PBXBuildFile; fileRef = C57614A32808036E00E2153E /* ContentView.swift */; };
		C57614A62808036F00E2153E /* Assets.xcassets in Resources */ = {isa = PBXBuildFile; fileRef = C57614A52808036F00E2153E /* Assets.xcassets */; };
		C57614A92808036F00E2153E /* Preview Assets.xcassets in Resources */ = {isa = PBXBuildFile; fileRef = C57614A82808036F00E2153E /* Preview Assets.xcassets */; };
		C57614B12808115C00E2153E /* ResizingImagesUsingGeometryReader.swift in Sources */ = {isa = PBXBuildFile; fileRef = C57614B02808115C00E2153E /* ResizingImagesUsingGeometryReader.swift */; };
		C57614B32808216500E2153E /* ScrollingDataWithScrollView.swift in Sources */ = {isa = PBXBuildFile; fileRef = C57614B22808216500E2153E /* ScrollingDataWithScrollView.swift */; };
		C57614B5280828DB00E2153E /* UsingNavigationLink.swift in Sources */ = {isa = PBXBuildFile; fileRef = C57614B4280828DB00E2153E /* UsingNavigationLink.swift */; };
		C57614B72808545C00E2153E /* HierarchicalCodableData.swift in Sources */ = {isa = PBXBuildFile; fileRef = C57614B62808545C00E2153E /* HierarchicalCodableData.swift */; };
		C57614B92808603E00E2153E /* ScrollingGrids.swift in Sources */ = {isa = PBXBuildFile; fileRef = C57614B82808603E00E2153E /* ScrollingGrids.swift */; };
/* End PBXBuildFile section */

/* Begin PBXFileReference section */
		C5173D452808A1B1009E4EB2 /* missions.json */ = {isa = PBXFileReference; fileEncoding = 4; lastKnownFileType = text.json; path = missions.json; sourceTree = "<group>"; };
		C5173D462808A1B1009E4EB2 /* astronauts.json */ = {isa = PBXFileReference; fileEncoding = 4; lastKnownFileType = text.json; path = astronauts.json; sourceTree = "<group>"; };
		C5173D492808B4B9009E4EB2 /* Astronaut.swift */ = {isa = PBXFileReference; lastKnownFileType = sourcecode.swift; path = Astronaut.swift; sourceTree = "<group>"; };
		C5173D4B2808B698009E4EB2 /* Bundle-Decodable.swift */ = {isa = PBXFileReference; lastKnownFileType = sourcecode.swift; path = "Bundle-Decodable.swift"; sourceTree = "<group>"; };
		C576149E2808036E00E2153E /* Moonshot.app */ = {isa = PBXFileReference; explicitFileType = wrapper.application; includeInIndex = 0; path = Moonshot.app; sourceTree = BUILT_PRODUCTS_DIR; };
		C57614A12808036E00E2153E /* MoonshotApp.swift */ = {isa = PBXFileReference; lastKnownFileType = sourcecode.swift; path = MoonshotApp.swift; sourceTree = "<group>"; };
		C57614A32808036E00E2153E /* ContentView.swift */ = {isa = PBXFileReference; lastKnownFileType = sourcecode.swift; path = ContentView.swift; sourceTree = "<group>"; };
		C57614A52808036F00E2153E /* Assets.xcassets */ = {isa = PBXFileReference; lastKnownFileType = folder.assetcatalog; path = Assets.xcassets; sourceTree = "<group>"; };
		C57614A82808036F00E2153E /* Preview Assets.xcassets */ = {isa = PBXFileReference; lastKnownFileType = folder.assetcatalog; path = "Preview Assets.xcassets"; sourceTree = "<group>"; };
		C57614B02808115C00E2153E /* ResizingImagesUsingGeometryReader.swift */ = {isa = PBXFileReference; lastKnownFileType = sourcecode.swift; path = ResizingImagesUsingGeometryReader.swift; sourceTree = "<group>"; };
		C57614B22808216500E2153E /* ScrollingDataWithScrollView.swift */ = {isa = PBXFileReference; lastKnownFileType = sourcecode.swift; path = ScrollingDataWithScrollView.swift; sourceTree = "<group>"; };
		C57614B4280828DB00E2153E /* UsingNavigationLink.swift */ = {isa = PBXFileReference; lastKnownFileType = sourcecode.swift; path = UsingNavigationLink.swift; sourceTree = "<group>"; };
		C57614B62808545C00E2153E /* HierarchicalCodableData.swift */ = {isa = PBXFileReference; lastKnownFileType = sourcecode.swift; path = HierarchicalCodableData.swift; sourceTree = "<group>"; };
		C57614B82808603E00E2153E /* ScrollingGrids.swift */ = {isa = PBXFileReference; lastKnownFileType = sourcecode.swift; path = ScrollingGrids.swift; sourceTree = "<group>"; };
/* End PBXFileReference section */

/* Begin PBXFrameworksBuildPhase section */
		C576149B2808036E00E2153E /* Frameworks */ = {
			isa = PBXFrameworksBuildPhase;
			buildActionMask = 2147483647;
			files = (
			);
			runOnlyForDeploymentPostprocessing = 0;
		};
/* End PBXFrameworksBuildPhase section */

/* Begin PBXGroup section */
		C57614952808036E00E2153E = {
			isa = PBXGroup;
			children = (
				C57614A02808036E00E2153E /* Moonshot */,
				C576149F2808036E00E2153E /* Products */,
			);
			sourceTree = "<group>";
		};
		C576149F2808036E00E2153E /* Products */ = {
			isa = PBXGroup;
			children = (
				C576149E2808036E00E2153E /* Moonshot.app */,
			);
			name = Products;
			sourceTree = "<group>";
		};
		C57614A02808036E00E2153E /* Moonshot */ = {
			isa = PBXGroup;
			children = (
				C57614AF280808E400E2153E /* Day 39 */,
				C57614A12808036E00E2153E /* MoonshotApp.swift */,
				C57614A32808036E00E2153E /* ContentView.swift */,
				C57614A52808036F00E2153E /* Assets.xcassets */,
				C57614A72808036F00E2153E /* Preview Content */,
				C5173D462808A1B1009E4EB2 /* astronauts.json */,
				C5173D452808A1B1009E4EB2 /* missions.json */,
				C5173D492808B4B9009E4EB2 /* Astronaut.swift */,
				C5173D4B2808B698009E4EB2 /* Bundle-Decodable.swift */,
			);
			path = Moonshot;
			sourceTree = "<group>";
		};
		C57614A72808036F00E2153E /* Preview Content */ = {
			isa = PBXGroup;
			children = (
				C57614A82808036F00E2153E /* Preview Assets.xcassets */,
			);
			path = "Preview Content";
			sourceTree = "<group>";
		};
		C57614AF280808E400E2153E /* Day 39 */ = {
			isa = PBXGroup;
			children = (
				C57614B02808115C00E2153E /* ResizingImagesUsingGeometryReader.swift */,
				C57614B22808216500E2153E /* ScrollingDataWithScrollView.swift */,
				C57614B4280828DB00E2153E /* UsingNavigationLink.swift */,
				C57614B62808545C00E2153E /* HierarchicalCodableData.swift */,
				C57614B82808603E00E2153E /* ScrollingGrids.swift */,
			);
			path = "Day 39";
			sourceTree = "<group>";
		};
/* End PBXGroup section */

/* Begin PBXNativeTarget section */
		C576149D2808036E00E2153E /* Moonshot */ = {
			isa = PBXNativeTarget;
			buildConfigurationList = C57614AC2808036F00E2153E /* Build configuration list for PBXNativeTarget "Moonshot" */;
			buildPhases = (
				C576149A2808036E00E2153E /* Sources */,
				C576149B2808036E00E2153E /* Frameworks */,
				C576149C2808036E00E2153E /* Resources */,
			);
			buildRules = (
			);
			dependencies = (
			);
			name = Moonshot;
			productName = Moonshot;
			productReference = C576149E2808036E00E2153E /* Moonshot.app */;
			productType = "com.apple.product-type.application";
		};
/* End PBXNativeTarget section */

/* Begin PBXProject section */
		C57614962808036E00E2153E /* Project object */ = {
			isa = PBXProject;
			attributes = {
				BuildIndependentTargetsInParallel = 1;
				LastSwiftUpdateCheck = 1330;
				LastUpgradeCheck = 1330;
				TargetAttributes = {
					C576149D2808036E00E2153E = {
						CreatedOnToolsVersion = 13.3.1;
					};
				};
			};
			buildConfigurationList = C57614992808036E00E2153E /* Build configuration list for PBXProject "Moonshot" */;
			compatibilityVersion = "Xcode 13.0";
			developmentRegion = en;
			hasScannedForEncodings = 0;
			knownRegions = (
				en,
				Base,
			);
			mainGroup = C57614952808036E00E2153E;
			productRefGroup = C576149F2808036E00E2153E /* Products */;
			projectDirPath = "";
			projectRoot = "";
			targets = (
				C576149D2808036E00E2153E /* Moonshot */,
			);
		};
/* End PBXProject section */

/* Begin PBXResourcesBuildPhase section */
		C576149C2808036E00E2153E /* Resources */ = {
			isa = PBXResourcesBuildPhase;
			buildActionMask = 2147483647;
			files = (
				C57614A92808036F00E2153E /* Preview Assets.xcassets in Resources */,
				C5173D472808A1B1009E4EB2 /* missions.json in Resources */,
				C57614A62808036F00E2153E /* Assets.xcassets in Resources */,
				C5173D482808A1B1009E4EB2 /* astronauts.json in Resources */,
			);
			runOnlyForDeploymentPostprocessing = 0;
		};
/* End PBXResourcesBuildPhase section */

/* Begin PBXSourcesBuildPhase section */
		C576149A2808036E00E2153E /* Sources */ = {
			isa = PBXSourcesBuildPhase;
			buildActionMask = 2147483647;
			files = (
				C57614B5280828DB00E2153E /* UsingNavigationLink.swift in Sources */,
				C57614B72808545C00E2153E /* HierarchicalCodableData.swift in Sources */,
				C57614A42808036E00E2153E /* ContentView.swift in Sources */,
				C5173D4A2808B4B9009E4EB2 /* Astronaut.swift in Sources */,
				C57614A22808036E00E2153E /* MoonshotApp.swift in Sources */,
				C5173D4C2808B698009E4EB2 /* Bundle-Decodable.swift in Sources */,
				C57614B12808115C00E2153E /* ResizingImagesUsingGeometryReader.swift in Sources */,
				C57614B92808603E00E2153E /* ScrollingGrids.swift in Sources */,
				C57614B32808216500E2153E /* ScrollingDataWithScrollView.swift in Sources */,
			);
			runOnlyForDeploymentPostprocessing = 0;
		};
/* End PBXSourcesBuildPhase section */

/* Begin XCBuildConfiguration section */
		C57614AA2808036F00E2153E /* Debug */ = {
			isa = XCBuildConfiguration;
			buildSettings = {
				ALWAYS_SEARCH_USER_PATHS = NO;
				CLANG_ANALYZER_NONNULL = YES;
				CLANG_ANALYZER_NUMBER_OBJECT_CONVERSION = YES_AGGRESSIVE;
				CLANG_CXX_LANGUAGE_STANDARD = "gnu++17";
				CLANG_ENABLE_MODULES = YES;
				CLANG_ENABLE_OBJC_ARC = YES;
				CLANG_ENABLE_OBJC_WEAK = YES;
				CLANG_WARN_BLOCK_CAPTURE_AUTORELEASING = YES;
				CLANG_WARN_BOOL_CONVERSION = YES;
				CLANG_WARN_COMMA = YES;
				CLANG_WARN_CONSTANT_CONVERSION = YES;
				CLANG_WARN_DEPRECATED_OBJC_IMPLEMENTATIONS = YES;
				CLANG_WARN_DIRECT_OBJC_ISA_USAGE = YES_ERROR;
				CLANG_WARN_DOCUMENTATION_COMMENTS = YES;
				CLANG_WARN_EMPTY_BODY = YES;
				CLANG_WARN_ENUM_CONVERSION = YES;
				CLANG_WARN_INFINITE_RECURSION = YES;
				CLANG_WARN_INT_CONVERSION = YES;
				CLANG_WARN_NON_LITERAL_NULL_CONVERSION = YES;
				CLANG_WARN_OBJC_IMPLICIT_RETAIN_SELF = YES;
				CLANG_WARN_OBJC_LITERAL_CONVERSION = YES;
				CLANG_WARN_OBJC_ROOT_CLASS = YES_ERROR;
				CLANG_WARN_QUOTED_INCLUDE_IN_FRAMEWORK_HEADER = YES;
				CLANG_WARN_RANGE_LOOP_ANALYSIS = YES;
				CLANG_WARN_STRICT_PROTOTYPES = YES;
				CLANG_WARN_SUSPICIOUS_MOVE = YES;
				CLANG_WARN_UNGUARDED_AVAILABILITY = YES_AGGRESSIVE;
				CLANG_WARN_UNREACHABLE_CODE = YES;
				CLANG_WARN__DUPLICATE_METHOD_MATCH = YES;
				COPY_PHASE_STRIP = NO;
				DEBUG_INFORMATION_FORMAT = dwarf;
				ENABLE_STRICT_OBJC_MSGSEND = YES;
				ENABLE_TESTABILITY = YES;
				GCC_C_LANGUAGE_STANDARD = gnu11;
				GCC_DYNAMIC_NO_PIC = NO;
				GCC_NO_COMMON_BLOCKS = YES;
				GCC_OPTIMIZATION_LEVEL = 0;
				GCC_PREPROCESSOR_DEFINITIONS = (
					"DEBUG=1",
					"$(inherited)",
				);
				GCC_WARN_64_TO_32_BIT_CONVERSION = YES;
				GCC_WARN_ABOUT_RETURN_TYPE = YES_ERROR;
				GCC_WARN_UNDECLARED_SELECTOR = YES;
				GCC_WARN_UNINITIALIZED_AUTOS = YES_AGGRESSIVE;
				GCC_WARN_UNUSED_FUNCTION = YES;
				GCC_WARN_UNUSED_VARIABLE = YES;
				IPHONEOS_DEPLOYMENT_TARGET = 15.4;
				MTL_ENABLE_DEBUG_INFO = INCLUDE_SOURCE;
				MTL_FAST_MATH = YES;
				ONLY_ACTIVE_ARCH = YES;
				SDKROOT = iphoneos;
				SWIFT_ACTIVE_COMPILATION_CONDITIONS = DEBUG;
				SWIFT_OPTIMIZATION_LEVEL = "-Onone";
			};
			name = Debug;
		};
		C57614AB2808036F00E2153E /* Release */ = {
			isa = XCBuildConfiguration;
			buildSettings = {
				ALWAYS_SEARCH_USER_PATHS = NO;
				CLANG_ANALYZER_NONNULL = YES;
				CLANG_ANALYZER_NUMBER_OBJECT_CONVERSION = YES_AGGRESSIVE;
				CLANG_CXX_LANGUAGE_STANDARD = "gnu++17";
				CLANG_ENABLE_MODULES = YES;
				CLANG_ENABLE_OBJC_ARC = YES;
				CLANG_ENABLE_OBJC_WEAK = YES;
				CLANG_WARN_BLOCK_CAPTURE_AUTORELEASING = YES;
				CLANG_WARN_BOOL_CONVERSION = YES;
				CLANG_WARN_COMMA = YES;
				CLANG_WARN_CONSTANT_CONVERSION = YES;
				CLANG_WARN_DEPRECATED_OBJC_IMPLEMENTATIONS = YES;
				CLANG_WARN_DIRECT_OBJC_ISA_USAGE = YES_ERROR;
				CLANG_WARN_DOCUMENTATION_COMMENTS = YES;
				CLANG_WARN_EMPTY_BODY = YES;
				CLANG_WARN_ENUM_CONVERSION = YES;
				CLANG_WARN_INFINITE_RECURSION = YES;
				CLANG_WARN_INT_CONVERSION = YES;
				CLANG_WARN_NON_LITERAL_NULL_CONVERSION = YES;
				CLANG_WARN_OBJC_IMPLICIT_RETAIN_SELF = YES;
				CLANG_WARN_OBJC_LITERAL_CONVERSION = YES;
				CLANG_WARN_OBJC_ROOT_CLASS = YES_ERROR;
				CLANG_WARN_QUOTED_INCLUDE_IN_FRAMEWORK_HEADER = YES;
				CLANG_WARN_RANGE_LOOP_ANALYSIS = YES;
				CLANG_WARN_STRICT_PROTOTYPES = YES;
				CLANG_WARN_SUSPICIOUS_MOVE = YES;
				CLANG_WARN_UNGUARDED_AVAILABILITY = YES_AGGRESSIVE;
				CLANG_WARN_UNREACHABLE_CODE = YES;
				CLANG_WARN__DUPLICATE_METHOD_MATCH = YES;
				COPY_PHASE_STRIP = NO;
				DEBUG_INFORMATION_FORMAT = "dwarf-with-dsym";
				ENABLE_NS_ASSERTIONS = NO;
				ENABLE_STRICT_OBJC_MSGSEND = YES;
				GCC_C_LANGUAGE_STANDARD = gnu11;
				GCC_NO_COMMON_BLOCKS = YES;
				GCC_WARN_64_TO_32_BIT_CONVERSION = YES;
				GCC_WARN_ABOUT_RETURN_TYPE = YES_ERROR;
				GCC_WARN_UNDECLARED_SELECTOR = YES;
				GCC_WARN_UNINITIALIZED_AUTOS = YES_AGGRESSIVE;
				GCC_WARN_UNUSED_FUNCTION = YES;
				GCC_WARN_UNUSED_VARIABLE = YES;
				IPHONEOS_DEPLOYMENT_TARGET = 15.4;
				MTL_ENABLE_DEBUG_INFO = NO;
				MTL_FAST_MATH = YES;
				SDKROOT = iphoneos;
				SWIFT_COMPILATION_MODE = wholemodule;
				SWIFT_OPTIMIZATION_LEVEL = "-O";
				VALIDATE_PRODUCT = YES;
			};
			name = Release;
		};
		C57614AD2808036F00E2153E /* Debug */ = {
			isa = XCBuildConfiguration;
			buildSettings = {
				ASSETCATALOG_COMPILER_APPICON_NAME = AppIcon;
				ASSETCATALOG_COMPILER_GLOBAL_ACCENT_COLOR_NAME = AccentColor;
				CODE_SIGN_STYLE = Automatic;
				CURRENT_PROJECT_VERSION = 1;
				DEVELOPMENT_ASSET_PATHS = "\"Moonshot/Preview Content\"";
				DEVELOPMENT_TEAM = PKTBX2CYQK;
				ENABLE_PREVIEWS = YES;
				GENERATE_INFOPLIST_FILE = YES;
				INFOPLIST_KEY_UIApplicationSceneManifest_Generation = YES;
				INFOPLIST_KEY_UIApplicationSupportsIndirectInputEvents = YES;
				INFOPLIST_KEY_UILaunchScreen_Generation = YES;
				INFOPLIST_KEY_UISupportedInterfaceOrientations_iPad = "UIInterfaceOrientationPortrait UIInterfaceOrientationPortraitUpsideDown UIInterfaceOrientationLandscapeLeft UIInterfaceOrientationLandscapeRight";
				INFOPLIST_KEY_UISupportedInterfaceOrientations_iPhone = "UIInterfaceOrientationPortrait UIInterfaceOrientationLandscapeLeft UIInterfaceOrientationLandscapeRight";
				LD_RUNPATH_SEARCH_PATHS = (
					"$(inherited)",
					"@executable_path/Frameworks",
				);
				MARKETING_VERSION = 1.0;
				PRODUCT_BUNDLE_IDENTIFIER = nicefiction.Moonshot;
				PRODUCT_NAME = "$(TARGET_NAME)";
				SWIFT_EMIT_LOC_STRINGS = YES;
				SWIFT_VERSION = 5.0;
				TARGETED_DEVICE_FAMILY = "1,2";
			};
			name = Debug;
		};
		C57614AE2808036F00E2153E /* Release */ = {
			isa = XCBuildConfiguration;
			buildSettings = {
				ASSETCATALOG_COMPILER_APPICON_NAME = AppIcon;
				ASSETCATALOG_COMPILER_GLOBAL_ACCENT_COLOR_NAME = AccentColor;
				CODE_SIGN_STYLE = Automatic;
				CURRENT_PROJECT_VERSION = 1;
				DEVELOPMENT_ASSET_PATHS = "\"Moonshot/Preview Content\"";
				DEVELOPMENT_TEAM = PKTBX2CYQK;
				ENABLE_PREVIEWS = YES;
				GENERATE_INFOPLIST_FILE = YES;
				INFOPLIST_KEY_UIApplicationSceneManifest_Generation = YES;
				INFOPLIST_KEY_UIApplicationSupportsIndirectInputEvents = YES;
				INFOPLIST_KEY_UILaunchScreen_Generation = YES;
				INFOPLIST_KEY_UISupportedInterfaceOrientations_iPad = "UIInterfaceOrientationPortrait UIInterfaceOrientationPortraitUpsideDown UIInterfaceOrientationLandscapeLeft UIInterfaceOrientationLandscapeRight";
				INFOPLIST_KEY_UISupportedInterfaceOrientations_iPhone = "UIInterfaceOrientationPortrait UIInterfaceOrientationLandscapeLeft UIInterfaceOrientationLandscapeRight";
				LD_RUNPATH_SEARCH_PATHS = (
					"$(inherited)",
					"@executable_path/Frameworks",
				);
				MARKETING_VERSION = 1.0;
				PRODUCT_BUNDLE_IDENTIFIER = nicefiction.Moonshot;
				PRODUCT_NAME = "$(TARGET_NAME)";
				SWIFT_EMIT_LOC_STRINGS = YES;
				SWIFT_VERSION = 5.0;
				TARGETED_DEVICE_FAMILY = "1,2";
			};
			name = Release;
		};
/* End XCBuildConfiguration section */

/* Begin XCConfigurationList section */
		C57614992808036E00E2153E /* Build configuration list for PBXProject "Moonshot" */ = {
			isa = XCConfigurationList;
			buildConfigurations = (
				C57614AA2808036F00E2153E /* Debug */,
				C57614AB2808036F00E2153E /* Release */,
			);
			defaultConfigurationIsVisible = 0;
			defaultConfigurationName = Release;
		};
		C57614AC2808036F00E2153E /* Build configuration list for PBXNativeTarget "Moonshot" */ = {
			isa = XCConfigurationList;
			buildConfigurations = (
				C57614AD2808036F00E2153E /* Debug */,
				C57614AE2808036F00E2153E /* Release */,
			);
			defaultConfigurationIsVisible = 0;
			defaultConfigurationName = Release;
		};
/* End XCConfigurationList section */
	};
	rootObject = C57614962808036E00E2153E /* Project object */;
}
